
Microsoft Visual Studio Solution File, Format Version 12.00
# Visual Studio Version 17
VisualStudioVersion = 17.1.32210.238
MinimumVisualStudioVersion = 10.0.40219.1
Project("{2150E333-8FDC-42A3-9474-1A3956D46DE8}") = "Solution Items", "Solution Items", "{6CCB1537-D68E-4629-83FB-F06E88751BE4}"
	ProjectSection(SolutionItems) = preProject
		.editorconfig = .editorconfig
		app.config = app.config
	EndProjectSection
EndProject
Project("{9A19103F-16F7-4668-BE54-9A1E7A4F7556}") = "Utilities", "Utilities\Utilities.csproj", "{B6E67CB2-BF32-4075-9C70-CC483956C757}"
EndProject
Project("{FAE04EC0-301F-11D3-BF4B-00C04F79EFBC}") = "UtilitiesTests", "tests\UtilitiesTests\UtilitiesTests.csproj", "{3E027C00-51B4-4441-A53A-5D51727A7BB5}"
EndProject
Project("{FAE04EC0-301F-11D3-BF4B-00C04F79EFBC}") = "Utilities.Extensions", "src\Utilities.Extensions\Utilities.Extensions.csproj", "{285A58C3-5C2D-4F7F-A1E5-21540D6CDBF7}"
EndProject
Project("{FAE04EC0-301F-11D3-BF4B-00C04F79EFBC}") = "Utilities.IO", "src\Utilities.IO\Utilities.IO.csproj", "{862B970E-78A8-4BD2-B5E1-17E3C9599B28}"
EndProject
Global
	GlobalSection(SolutionConfigurationPlatforms) = preSolution
		Debug|Any CPU = Debug|Any CPU
		Release|Any CPU = Release|Any CPU
	EndGlobalSection
	GlobalSection(ProjectConfigurationPlatforms) = postSolution
		{B6E67CB2-BF32-4075-9C70-CC483956C757}.Debug|Any CPU.ActiveCfg = Debug|Any CPU
		{B6E67CB2-BF32-4075-9C70-CC483956C757}.Debug|Any CPU.Build.0 = Debug|Any CPU
		{B6E67CB2-BF32-4075-9C70-CC483956C757}.Release|Any CPU.ActiveCfg = Release|Any CPU
		{B6E67CB2-BF32-4075-9C70-CC483956C757}.Release|Any CPU.Build.0 = Release|Any CPU
		{3E027C00-51B4-4441-A53A-5D51727A7BB5}.Debug|Any CPU.ActiveCfg = Debug|Any CPU
		{3E027C00-51B4-4441-A53A-5D51727A7BB5}.Debug|Any CPU.Build.0 = Debug|Any CPU
		{3E027C00-51B4-4441-A53A-5D51727A7BB5}.Release|Any CPU.ActiveCfg = Release|Any CPU
		{3E027C00-51B4-4441-A53A-5D51727A7BB5}.Release|Any CPU.Build.0 = Release|Any CPU
		{285A58C3-5C2D-4F7F-A1E5-21540D6CDBF7}.Debug|Any CPU.ActiveCfg = Debug|Any CPU
		{285A58C3-5C2D-4F7F-A1E5-21540D6CDBF7}.Debug|Any CPU.Build.0 = Debug|Any CPU
		{285A58C3-5C2D-4F7F-A1E5-21540D6CDBF7}.Release|Any CPU.ActiveCfg = Release|Any CPU
		{285A58C3-5C2D-4F7F-A1E5-21540D6CDBF7}.Release|Any CPU.Build.0 = Release|Any CPU
		{862B970E-78A8-4BD2-B5E1-17E3C9599B28}.Debug|Any CPU.ActiveCfg = Debug|Any CPU
		{862B970E-78A8-4BD2-B5E1-17E3C9599B28}.Debug|Any CPU.Build.0 = Debug|Any CPU
		{862B970E-78A8-4BD2-B5E1-17E3C9599B28}.Release|Any CPU.ActiveCfg = Release|Any CPU
		{862B970E-78A8-4BD2-B5E1-17E3C9599B28}.Release|Any CPU.Build.0 = Release|Any CPU
	EndGlobalSection
	GlobalSection(SolutionProperties) = preSolution
		HideSolutionNode = FALSE
	EndGlobalSection
	GlobalSection(ExtensibilityGlobals) = postSolution
		SolutionGuid = {56C4589F-27AE-4DB2-9CD7-CF87B0399704}
	EndGlobalSection
EndGlobal
