
Microsoft Visual Studio Solution File, Format Version 12.00
# Visual Studio Version 17
VisualStudioVersion = 17.1.32210.238
MinimumVisualStudioVersion = 10.0.40219.1
Project("{2150E333-8FDC-42A3-9474-1A3956D46DE8}") = "Solution Items", "Solution Items", "{6CCB1537-D68E-4629-83FB-F06E88751BE4}"
	ProjectSection(SolutionItems) = preProject
		.editorconfig = .editorconfig
		app.config = app.config
	EndProjectSection
EndProject
Project("{9A19103F-16F7-4668-BE54-9A1E7A4F7556}") = "UtilitiesTests", "tests\UtilitiesTests\UtilitiesTests.csproj", "{3E027C00-51B4-4441-A53A-5D51727A7BB5}"
EndProject
Project("{9A19103F-16F7-4668-BE54-9A1E7A4F7556}") = "Utilities.Extensions", "src\Utilities.Extensions\Utilities.Extensions.csproj", "{285A58C3-5C2D-4F7F-A1E5-21540D6CDBF7}"
EndProject
Project("{9A19103F-16F7-4668-BE54-9A1E7A4F7556}") = "Utilities.IO", "src\Utilities.IO\Utilities.IO.csproj", "{862B970E-78A8-4BD2-B5E1-17E3C9599B28}"
EndProject
Project("{9A19103F-16F7-4668-BE54-9A1E7A4F7556}") = "Utilities.ExtensionsTests", "tests\Utilities.ExtensionsTests\Utilities.ExtensionsTests.csproj", "{544D1BBA-6B1F-42FD-B1FE-18CD5745C9D4}"
EndProject
Project("{9A19103F-16F7-4668-BE54-9A1E7A4F7556}") = "Utilities", "src\Utilities\Utilities.csproj", "{0042A2D3-54E0-432D-AA19-0C664C751BDC}"
EndProject
Project("{2150E333-8FDC-42A3-9474-1A3956D46DE8}") = "src", "src", "{CC9850FE-FE5F-4DA1-9257-1DCE36E77CEF}"
EndProject
Project("{2150E333-8FDC-42A3-9474-1A3956D46DE8}") = "test", "test", "{861D281B-2475-46F2-AF91-C77AE1008FA9}"
EndProject
Project("{FAE04EC0-301F-11D3-BF4B-00C04F79EFBC}") = "Utilities.CLI", "Utilities.CLI\Utilities.CLI.csproj", "{F60976AA-CF98-4D9F-BEF7-3D4B43174470}"
Project("{FAE04EC0-301F-11D3-BF4B-00C04F79EFBC}") = "Utilities.UI", "src\Utilities.UI\Utilities.UI.csproj", "{E3861732-8B8D-4815-BD98-1C5BE23F6AA5}"
EndProject
Global
	GlobalSection(SolutionConfigurationPlatforms) = preSolution
		Debug|Any CPU = Debug|Any CPU
		Release|Any CPU = Release|Any CPU
	EndGlobalSection
	GlobalSection(ProjectConfigurationPlatforms) = postSolution
		{3E027C00-51B4-4441-A53A-5D51727A7BB5}.Debug|Any CPU.ActiveCfg = Debug|Any CPU
		{3E027C00-51B4-4441-A53A-5D51727A7BB5}.Debug|Any CPU.Build.0 = Debug|Any CPU
		{3E027C00-51B4-4441-A53A-5D51727A7BB5}.Release|Any CPU.ActiveCfg = Release|Any CPU
		{3E027C00-51B4-4441-A53A-5D51727A7BB5}.Release|Any CPU.Build.0 = Release|Any CPU
		{285A58C3-5C2D-4F7F-A1E5-21540D6CDBF7}.Debug|Any CPU.ActiveCfg = Debug|Any CPU
		{285A58C3-5C2D-4F7F-A1E5-21540D6CDBF7}.Debug|Any CPU.Build.0 = Debug|Any CPU
		{285A58C3-5C2D-4F7F-A1E5-21540D6CDBF7}.Release|Any CPU.ActiveCfg = Release|Any CPU
		{285A58C3-5C2D-4F7F-A1E5-21540D6CDBF7}.Release|Any CPU.Build.0 = Release|Any CPU
		{862B970E-78A8-4BD2-B5E1-17E3C9599B28}.Debug|Any CPU.ActiveCfg = Debug|Any CPU
		{862B970E-78A8-4BD2-B5E1-17E3C9599B28}.Debug|Any CPU.Build.0 = Debug|Any CPU
		{862B970E-78A8-4BD2-B5E1-17E3C9599B28}.Release|Any CPU.ActiveCfg = Release|Any CPU
		{862B970E-78A8-4BD2-B5E1-17E3C9599B28}.Release|Any CPU.Build.0 = Release|Any CPU
		{544D1BBA-6B1F-42FD-B1FE-18CD5745C9D4}.Debug|Any CPU.ActiveCfg = Debug|Any CPU
		{544D1BBA-6B1F-42FD-B1FE-18CD5745C9D4}.Debug|Any CPU.Build.0 = Debug|Any CPU
		{544D1BBA-6B1F-42FD-B1FE-18CD5745C9D4}.Release|Any CPU.ActiveCfg = Release|Any CPU
		{544D1BBA-6B1F-42FD-B1FE-18CD5745C9D4}.Release|Any CPU.Build.0 = Release|Any CPU
		{0042A2D3-54E0-432D-AA19-0C664C751BDC}.Debug|Any CPU.ActiveCfg = Debug|Any CPU
		{0042A2D3-54E0-432D-AA19-0C664C751BDC}.Debug|Any CPU.Build.0 = Debug|Any CPU
		{0042A2D3-54E0-432D-AA19-0C664C751BDC}.Release|Any CPU.ActiveCfg = Release|Any CPU
		{0042A2D3-54E0-432D-AA19-0C664C751BDC}.Release|Any CPU.Build.0 = Release|Any CPU
		{F60976AA-CF98-4D9F-BEF7-3D4B43174470}.Debug|Any CPU.ActiveCfg = Debug|Any CPU
		{F60976AA-CF98-4D9F-BEF7-3D4B43174470}.Debug|Any CPU.Build.0 = Debug|Any CPU
		{F60976AA-CF98-4D9F-BEF7-3D4B43174470}.Release|Any CPU.ActiveCfg = Release|Any CPU
		{F60976AA-CF98-4D9F-BEF7-3D4B43174470}.Release|Any CPU.Build.0 = Release|Any CPU
		{E3861732-8B8D-4815-BD98-1C5BE23F6AA5}.Debug|Any CPU.ActiveCfg = Debug|Any CPU
		{E3861732-8B8D-4815-BD98-1C5BE23F6AA5}.Debug|Any CPU.Build.0 = Debug|Any CPU
		{E3861732-8B8D-4815-BD98-1C5BE23F6AA5}.Release|Any CPU.ActiveCfg = Release|Any CPU
		{E3861732-8B8D-4815-BD98-1C5BE23F6AA5}.Release|Any CPU.Build.0 = Release|Any CPU
	EndGlobalSection
	GlobalSection(SolutionProperties) = preSolution
		HideSolutionNode = FALSE
	EndGlobalSection
	GlobalSection(NestedProjects) = preSolution
		{3E027C00-51B4-4441-A53A-5D51727A7BB5} = {861D281B-2475-46F2-AF91-C77AE1008FA9}
		{285A58C3-5C2D-4F7F-A1E5-21540D6CDBF7} = {CC9850FE-FE5F-4DA1-9257-1DCE36E77CEF}
		{862B970E-78A8-4BD2-B5E1-17E3C9599B28} = {CC9850FE-FE5F-4DA1-9257-1DCE36E77CEF}
		{544D1BBA-6B1F-42FD-B1FE-18CD5745C9D4} = {861D281B-2475-46F2-AF91-C77AE1008FA9}
		{0042A2D3-54E0-432D-AA19-0C664C751BDC} = {CC9850FE-FE5F-4DA1-9257-1DCE36E77CEF}
		{F60976AA-CF98-4D9F-BEF7-3D4B43174470} = {CC9850FE-FE5F-4DA1-9257-1DCE36E77CEF}
	EndGlobalSection
	GlobalSection(ExtensibilityGlobals) = postSolution
		SolutionGuid = {56C4589F-27AE-4DB2-9CD7-CF87B0399704}
		{3E027C00-51B4-4441-A53A-5D51727A7BB5} = {861D281B-2475-46F2-AF91-C77AE1008FA9}
		{E3861732-8B8D-4815-BD98-1C5BE23F6AA5} = {CC9850FE-FE5F-4DA1-9257-1DCE36E77CEF}
	EndGlobalSection
EndGlobal
